// !$*UTF8*$!
{
	archiveVersion = 1;
	classes = {
	};
	objectVersion = 50;
	objects = {

/* Begin PBXBuildFile section */
		B4A3805823A9BBA20047D178 /* AppDelegate.m in Sources */ = {isa = PBXBuildFile; fileRef = B4A3805723A9BBA20047D178 /* AppDelegate.m */; };
		B4A3805B23A9BBA20047D178 /* SceneDelegate.m in Sources */ = {isa = PBXBuildFile; fileRef = B4A3805A23A9BBA20047D178 /* SceneDelegate.m */; };
		B4A3805E23A9BBA20047D178 /* ViewController.m in Sources */ = {isa = PBXBuildFile; fileRef = B4A3805D23A9BBA20047D178 /* ViewController.m */; };
		B4A3806123A9BBA20047D178 /* Main.storyboard in Resources */ = {isa = PBXBuildFile; fileRef = B4A3805F23A9BBA20047D178 /* Main.storyboard */; };
		B4A3806323A9BBA80047D178 /* Assets.xcassets in Resources */ = {isa = PBXBuildFile; fileRef = B4A3806223A9BBA80047D178 /* Assets.xcassets */; };
		B4A3806623A9BBA80047D178 /* LaunchScreen.storyboard in Resources */ = {isa = PBXBuildFile; fileRef = B4A3806423A9BBA80047D178 /* LaunchScreen.storyboard */; };
		B4A3806923A9BBA80047D178 /* main.m in Sources */ = {isa = PBXBuildFile; fileRef = B4A3806823A9BBA80047D178 /* main.m */; };
		B4A3807323A9BBA80047D178 /* MZVersionControlTests.m in Sources */ = {isa = PBXBuildFile; fileRef = B4A3807223A9BBA80047D178 /* MZVersionControlTests.m */; };
		B4A3807E23A9BBA80047D178 /* MZVersionControlUITests.m in Sources */ = {isa = PBXBuildFile; fileRef = B4A3807D23A9BBA80047D178 /* MZVersionControlUITests.m */; };
		B4A3808E23A9BBEE0047D178 /* MZVersionControlManager.m in Sources */ = {isa = PBXBuildFile; fileRef = B4A3808D23A9BBEE0047D178 /* MZVersionControlManager.m */; };
/* End PBXBuildFile section */

/* Begin PBXContainerItemProxy section */
		B4A3806F23A9BBA80047D178 /* PBXContainerItemProxy */ = {
			isa = PBXContainerItemProxy;
			containerPortal = B4A3804B23A9BBA20047D178 /* Project object */;
			proxyType = 1;
			remoteGlobalIDString = B4A3805223A9BBA20047D178;
			remoteInfo = MZVersionControl;
		};
		B4A3807A23A9BBA80047D178 /* PBXContainerItemProxy */ = {
			isa = PBXContainerItemProxy;
			containerPortal = B4A3804B23A9BBA20047D178 /* Project object */;
			proxyType = 1;
			remoteGlobalIDString = B4A3805223A9BBA20047D178;
			remoteInfo = MZVersionControl;
		};
/* End PBXContainerItemProxy section */

/* Begin PBXFileReference section */
		B4A3805323A9BBA20047D178 /* MZVersionControl.app */ = {isa = PBXFileReference; explicitFileType = wrapper.application; includeInIndex = 0; path = MZVersionControl.app; sourceTree = BUILT_PRODUCTS_DIR; };
		B4A3805623A9BBA20047D178 /* AppDelegate.h */ = {isa = PBXFileReference; lastKnownFileType = sourcecode.c.h; path = AppDelegate.h; sourceTree = "<group>"; };
		B4A3805723A9BBA20047D178 /* AppDelegate.m */ = {isa = PBXFileReference; lastKnownFileType = sourcecode.c.objc; path = AppDelegate.m; sourceTree = "<group>"; };
		B4A3805923A9BBA20047D178 /* SceneDelegate.h */ = {isa = PBXFileReference; lastKnownFileType = sourcecode.c.h; path = SceneDelegate.h; sourceTree = "<group>"; };
		B4A3805A23A9BBA20047D178 /* SceneDelegate.m */ = {isa = PBXFileReference; lastKnownFileType = sourcecode.c.objc; path = SceneDelegate.m; sourceTree = "<group>"; };
		B4A3805C23A9BBA20047D178 /* ViewController.h */ = {isa = PBXFileReference; lastKnownFileType = sourcecode.c.h; path = ViewController.h; sourceTree = "<group>"; };
		B4A3805D23A9BBA20047D178 /* ViewController.m */ = {isa = PBXFileReference; lastKnownFileType = sourcecode.c.objc; path = ViewController.m; sourceTree = "<group>"; };
		B4A3806023A9BBA20047D178 /* Base */ = {isa = PBXFileReference; lastKnownFileType = file.storyboard; name = Base; path = Base.lproj/Main.storyboard; sourceTree = "<group>"; };
		B4A3806223A9BBA80047D178 /* Assets.xcassets */ = {isa = PBXFileReference; lastKnownFileType = folder.assetcatalog; path = Assets.xcassets; sourceTree = "<group>"; };
		B4A3806523A9BBA80047D178 /* Base */ = {isa = PBXFileReference; lastKnownFileType = file.storyboard; name = Base; path = Base.lproj/LaunchScreen.storyboard; sourceTree = "<group>"; };
		B4A3806723A9BBA80047D178 /* Info.plist */ = {isa = PBXFileReference; lastKnownFileType = text.plist.xml; path = Info.plist; sourceTree = "<group>"; };
		B4A3806823A9BBA80047D178 /* main.m */ = {isa = PBXFileReference; lastKnownFileType = sourcecode.c.objc; path = main.m; sourceTree = "<group>"; };
		B4A3806E23A9BBA80047D178 /* MZVersionControlTests.xctest */ = {isa = PBXFileReference; explicitFileType = wrapper.cfbundle; includeInIndex = 0; path = MZVersionControlTests.xctest; sourceTree = BUILT_PRODUCTS_DIR; };
		B4A3807223A9BBA80047D178 /* MZVersionControlTests.m */ = {isa = PBXFileReference; lastKnownFileType = sourcecode.c.objc; path = MZVersionControlTests.m; sourceTree = "<group>"; };
		B4A3807423A9BBA80047D178 /* Info.plist */ = {isa = PBXFileReference; lastKnownFileType = text.plist.xml; path = Info.plist; sourceTree = "<group>"; };
		B4A3807923A9BBA80047D178 /* MZVersionControlUITests.xctest */ = {isa = PBXFileReference; explicitFileType = wrapper.cfbundle; includeInIndex = 0; path = MZVersionControlUITests.xctest; sourceTree = BUILT_PRODUCTS_DIR; };
		B4A3807D23A9BBA80047D178 /* MZVersionControlUITests.m */ = {isa = PBXFileReference; lastKnownFileType = sourcecode.c.objc; path = MZVersionControlUITests.m; sourceTree = "<group>"; };
		B4A3807F23A9BBA80047D178 /* Info.plist */ = {isa = PBXFileReference; lastKnownFileType = text.plist.xml; path = Info.plist; sourceTree = "<group>"; };
		B4A3808C23A9BBEE0047D178 /* MZVersionControlManager.h */ = {isa = PBXFileReference; lastKnownFileType = sourcecode.c.h; path = MZVersionControlManager.h; sourceTree = "<group>"; };
		B4A3808D23A9BBEE0047D178 /* MZVersionControlManager.m */ = {isa = PBXFileReference; lastKnownFileType = sourcecode.c.objc; path = MZVersionControlManager.m; sourceTree = "<group>"; };
/* End PBXFileReference section */

/* Begin PBXFrameworksBuildPhase section */
		B4A3805023A9BBA20047D178 /* Frameworks */ = {
			isa = PBXFrameworksBuildPhase;
			buildActionMask = 2147483647;
			files = (
			);
			runOnlyForDeploymentPostprocessing = 0;
		};
		B4A3806B23A9BBA80047D178 /* Frameworks */ = {
			isa = PBXFrameworksBuildPhase;
			buildActionMask = 2147483647;
			files = (
			);
			runOnlyForDeploymentPostprocessing = 0;
		};
		B4A3807623A9BBA80047D178 /* Frameworks */ = {
			isa = PBXFrameworksBuildPhase;
			buildActionMask = 2147483647;
			files = (
			);
			runOnlyForDeploymentPostprocessing = 0;
		};
/* End PBXFrameworksBuildPhase section */

/* Begin PBXGroup section */
		B4A3804A23A9BBA20047D178 = {
			isa = PBXGroup;
			children = (
				B4A3805523A9BBA20047D178 /* MZVersionControl */,
				B4A3807123A9BBA80047D178 /* MZVersionControlTests */,
				B4A3807C23A9BBA80047D178 /* MZVersionControlUITests */,
				B4A3805423A9BBA20047D178 /* Products */,
			);
			sourceTree = "<group>";
		};
		B4A3805423A9BBA20047D178 /* Products */ = {
			isa = PBXGroup;
			children = (
				B4A3805323A9BBA20047D178 /* MZVersionControl.app */,
				B4A3806E23A9BBA80047D178 /* MZVersionControlTests.xctest */,
				B4A3807923A9BBA80047D178 /* MZVersionControlUITests.xctest */,
			);
			name = Products;
			sourceTree = "<group>";
		};
		B4A3805523A9BBA20047D178 /* MZVersionControl */ = {
			isa = PBXGroup;
			children = (
				B4A3808B23A9BBC20047D178 /* MZVersionControl */,
				B4A3805623A9BBA20047D178 /* AppDelegate.h */,
				B4A3805723A9BBA20047D178 /* AppDelegate.m */,
				B4A3805923A9BBA20047D178 /* SceneDelegate.h */,
				B4A3805A23A9BBA20047D178 /* SceneDelegate.m */,
				B4A3805C23A9BBA20047D178 /* ViewController.h */,
				B4A3805D23A9BBA20047D178 /* ViewController.m */,
				B4A3805F23A9BBA20047D178 /* Main.storyboard */,
				B4A3806223A9BBA80047D178 /* Assets.xcassets */,
				B4A3806423A9BBA80047D178 /* LaunchScreen.storyboard */,
				B4A3806723A9BBA80047D178 /* Info.plist */,
				B4A3806823A9BBA80047D178 /* main.m */,
			);
			path = MZVersionControl;
			sourceTree = "<group>";
		};
		B4A3807123A9BBA80047D178 /* MZVersionControlTests */ = {
			isa = PBXGroup;
			children = (
				B4A3807223A9BBA80047D178 /* MZVersionControlTests.m */,
				B4A3807423A9BBA80047D178 /* Info.plist */,
			);
			path = MZVersionControlTests;
			sourceTree = "<group>";
		};
		B4A3807C23A9BBA80047D178 /* MZVersionControlUITests */ = {
			isa = PBXGroup;
			children = (
				B4A3807D23A9BBA80047D178 /* MZVersionControlUITests.m */,
				B4A3807F23A9BBA80047D178 /* Info.plist */,
			);
			path = MZVersionControlUITests;
			sourceTree = "<group>";
		};
		B4A3808B23A9BBC20047D178 /* MZVersionControl */ = {
			isa = PBXGroup;
			children = (
				B4A3808C23A9BBEE0047D178 /* MZVersionControlManager.h */,
				B4A3808D23A9BBEE0047D178 /* MZVersionControlManager.m */,
			);
			path = MZVersionControl;
			sourceTree = "<group>";
		};
/* End PBXGroup section */

/* Begin PBXNativeTarget section */
		B4A3805223A9BBA20047D178 /* MZVersionControl */ = {
			isa = PBXNativeTarget;
			buildConfigurationList = B4A3808223A9BBA80047D178 /* Build configuration list for PBXNativeTarget "MZVersionControl" */;
			buildPhases = (
				B4A3804F23A9BBA20047D178 /* Sources */,
				B4A3805023A9BBA20047D178 /* Frameworks */,
				B4A3805123A9BBA20047D178 /* Resources */,
			);
			buildRules = (
			);
			dependencies = (
			);
			name = MZVersionControl;
			productName = MZVersionControl;
			productReference = B4A3805323A9BBA20047D178 /* MZVersionControl.app */;
			productType = "com.apple.product-type.application";
		};
		B4A3806D23A9BBA80047D178 /* MZVersionControlTests */ = {
			isa = PBXNativeTarget;
			buildConfigurationList = B4A3808523A9BBA80047D178 /* Build configuration list for PBXNativeTarget "MZVersionControlTests" */;
			buildPhases = (
				B4A3806A23A9BBA80047D178 /* Sources */,
				B4A3806B23A9BBA80047D178 /* Frameworks */,
				B4A3806C23A9BBA80047D178 /* Resources */,
			);
			buildRules = (
			);
			dependencies = (
				B4A3807023A9BBA80047D178 /* PBXTargetDependency */,
			);
			name = MZVersionControlTests;
			productName = MZVersionControlTests;
			productReference = B4A3806E23A9BBA80047D178 /* MZVersionControlTests.xctest */;
			productType = "com.apple.product-type.bundle.unit-test";
		};
		B4A3807823A9BBA80047D178 /* MZVersionControlUITests */ = {
			isa = PBXNativeTarget;
			buildConfigurationList = B4A3808823A9BBA80047D178 /* Build configuration list for PBXNativeTarget "MZVersionControlUITests" */;
			buildPhases = (
				B4A3807523A9BBA80047D178 /* Sources */,
				B4A3807623A9BBA80047D178 /* Frameworks */,
				B4A3807723A9BBA80047D178 /* Resources */,
			);
			buildRules = (
			);
			dependencies = (
				B4A3807B23A9BBA80047D178 /* PBXTargetDependency */,
			);
			name = MZVersionControlUITests;
			productName = MZVersionControlUITests;
			productReference = B4A3807923A9BBA80047D178 /* MZVersionControlUITests.xctest */;
			productType = "com.apple.product-type.bundle.ui-testing";
		};
/* End PBXNativeTarget section */

/* Begin PBXProject section */
		B4A3804B23A9BBA20047D178 /* Project object */ = {
			isa = PBXProject;
			attributes = {
				LastUpgradeCheck = 1120;
				ORGANIZATIONNAME = Mr.Z;
				TargetAttributes = {
					B4A3805223A9BBA20047D178 = {
						CreatedOnToolsVersion = 11.2.1;
					};
					B4A3806D23A9BBA80047D178 = {
						CreatedOnToolsVersion = 11.2.1;
						TestTargetID = B4A3805223A9BBA20047D178;
					};
					B4A3807823A9BBA80047D178 = {
						CreatedOnToolsVersion = 11.2.1;
						TestTargetID = B4A3805223A9BBA20047D178;
					};
				};
			};
			buildConfigurationList = B4A3804E23A9BBA20047D178 /* Build configuration list for PBXProject "MZVersionControl" */;
			compatibilityVersion = "Xcode 9.3";
			developmentRegion = en;
			hasScannedForEncodings = 0;
			knownRegions = (
				en,
				Base,
			);
			mainGroup = B4A3804A23A9BBA20047D178;
			productRefGroup = B4A3805423A9BBA20047D178 /* Products */;
			projectDirPath = "";
			projectRoot = "";
			targets = (
				B4A3805223A9BBA20047D178 /* MZVersionControl */,
				B4A3806D23A9BBA80047D178 /* MZVersionControlTests */,
				B4A3807823A9BBA80047D178 /* MZVersionControlUITests */,
			);
		};
/* End PBXProject section */

/* Begin PBXResourcesBuildPhase section */
		B4A3805123A9BBA20047D178 /* Resources */ = {
			isa = PBXResourcesBuildPhase;
			buildActionMask = 2147483647;
			files = (
				B4A3806623A9BBA80047D178 /* LaunchScreen.storyboard in Resources */,
				B4A3806323A9BBA80047D178 /* Assets.xcassets in Resources */,
				B4A3806123A9BBA20047D178 /* Main.storyboard in Resources */,
			);
			runOnlyForDeploymentPostprocessing = 0;
		};
		B4A3806C23A9BBA80047D178 /* Resources */ = {
			isa = PBXResourcesBuildPhase;
			buildActionMask = 2147483647;
			files = (
			);
			runOnlyForDeploymentPostprocessing = 0;
		};
		B4A3807723A9BBA80047D178 /* Resources */ = {
			isa = PBXResourcesBuildPhase;
			buildActionMask = 2147483647;
			files = (
			);
			runOnlyForDeploymentPostprocessing = 0;
		};
/* End PBXResourcesBuildPhase section */

/* Begin PBXSourcesBuildPhase section */
		B4A3804F23A9BBA20047D178 /* Sources */ = {
			isa = PBXSourcesBuildPhase;
			buildActionMask = 2147483647;
			files = (
				B4A3805E23A9BBA20047D178 /* ViewController.m in Sources */,
				B4A3808E23A9BBEE0047D178 /* MZVersionControlManager.m in Sources */,
				B4A3805823A9BBA20047D178 /* AppDelegate.m in Sources */,
				B4A3806923A9BBA80047D178 /* main.m in Sources */,
				B4A3805B23A9BBA20047D178 /* SceneDelegate.m in Sources */,
			);
			runOnlyForDeploymentPostprocessing = 0;
		};
		B4A3806A23A9BBA80047D178 /* Sources */ = {
			isa = PBXSourcesBuildPhase;
			buildActionMask = 2147483647;
			files = (
				B4A3807323A9BBA80047D178 /* MZVersionControlTests.m in Sources */,
			);
			runOnlyForDeploymentPostprocessing = 0;
		};
		B4A3807523A9BBA80047D178 /* Sources */ = {
			isa = PBXSourcesBuildPhase;
			buildActionMask = 2147483647;
			files = (
				B4A3807E23A9BBA80047D178 /* MZVersionControlUITests.m in Sources */,
			);
			runOnlyForDeploymentPostprocessing = 0;
		};
/* End PBXSourcesBuildPhase section */

/* Begin PBXTargetDependency section */
		B4A3807023A9BBA80047D178 /* PBXTargetDependency */ = {
			isa = PBXTargetDependency;
			target = B4A3805223A9BBA20047D178 /* MZVersionControl */;
			targetProxy = B4A3806F23A9BBA80047D178 /* PBXContainerItemProxy */;
		};
		B4A3807B23A9BBA80047D178 /* PBXTargetDependency */ = {
			isa = PBXTargetDependency;
			target = B4A3805223A9BBA20047D178 /* MZVersionControl */;
			targetProxy = B4A3807A23A9BBA80047D178 /* PBXContainerItemProxy */;
		};
/* End PBXTargetDependency section */

/* Begin PBXVariantGroup section */
		B4A3805F23A9BBA20047D178 /* Main.storyboard */ = {
			isa = PBXVariantGroup;
			children = (
				B4A3806023A9BBA20047D178 /* Base */,
			);
			name = Main.storyboard;
			sourceTree = "<group>";
		};
		B4A3806423A9BBA80047D178 /* LaunchScreen.storyboard */ = {
			isa = PBXVariantGroup;
			children = (
				B4A3806523A9BBA80047D178 /* Base */,
			);
			name = LaunchScreen.storyboard;
			sourceTree = "<group>";
		};
/* End PBXVariantGroup section */

/* Begin XCBuildConfiguration section */
		B4A3808023A9BBA80047D178 /* Debug */ = {
			isa = XCBuildConfiguration;
			buildSettings = {
				ALWAYS_SEARCH_USER_PATHS = NO;
				CLANG_ANALYZER_NONNULL = YES;
				CLANG_ANALYZER_NUMBER_OBJECT_CONVERSION = YES_AGGRESSIVE;
				CLANG_CXX_LANGUAGE_STANDARD = "gnu++14";
				CLANG_CXX_LIBRARY = "libc++";
				CLANG_ENABLE_MODULES = YES;
				CLANG_ENABLE_OBJC_ARC = YES;
				CLANG_ENABLE_OBJC_WEAK = YES;
				CLANG_WARN_BLOCK_CAPTURE_AUTORELEASING = YES;
				CLANG_WARN_BOOL_CONVERSION = YES;
				CLANG_WARN_COMMA = YES;
				CLANG_WARN_CONSTANT_CONVERSION = YES;
				CLANG_WARN_DEPRECATED_OBJC_IMPLEMENTATIONS = YES;
				CLANG_WARN_DIRECT_OBJC_ISA_USAGE = YES_ERROR;
				CLANG_WARN_DOCUMENTATION_COMMENTS = YES;
				CLANG_WARN_EMPTY_BODY = YES;
				CLANG_WARN_ENUM_CONVERSION = YES;
				CLANG_WARN_INFINITE_RECURSION = YES;
				CLANG_WARN_INT_CONVERSION = YES;
				CLANG_WARN_NON_LITERAL_NULL_CONVERSION = YES;
				CLANG_WARN_OBJC_IMPLICIT_RETAIN_SELF = YES;
				CLANG_WARN_OBJC_LITERAL_CONVERSION = YES;
				CLANG_WARN_OBJC_ROOT_CLASS = YES_ERROR;
				CLANG_WARN_RANGE_LOOP_ANALYSIS = YES;
				CLANG_WARN_STRICT_PROTOTYPES = YES;
				CLANG_WARN_SUSPICIOUS_MOVE = YES;
				CLANG_WARN_UNGUARDED_AVAILABILITY = YES_AGGRESSIVE;
				CLANG_WARN_UNREACHABLE_CODE = YES;
				CLANG_WARN__DUPLICATE_METHOD_MATCH = YES;
				COPY_PHASE_STRIP = NO;
				DEBUG_INFORMATION_FORMAT = dwarf;
				ENABLE_STRICT_OBJC_MSGSEND = YES;
				ENABLE_TESTABILITY = YES;
				GCC_C_LANGUAGE_STANDARD = gnu11;
				GCC_DYNAMIC_NO_PIC = NO;
				GCC_NO_COMMON_BLOCKS = YES;
				GCC_OPTIMIZATION_LEVEL = 0;
				GCC_PREPROCESSOR_DEFINITIONS = (
					"DEBUG=1",
					"$(inherited)",
				);
				GCC_WARN_64_TO_32_BIT_CONVERSION = YES;
				GCC_WARN_ABOUT_RETURN_TYPE = YES_ERROR;
				GCC_WARN_UNDECLARED_SELECTOR = YES;
				GCC_WARN_UNINITIALIZED_AUTOS = YES_AGGRESSIVE;
				GCC_WARN_UNUSED_FUNCTION = YES;
				GCC_WARN_UNUSED_VARIABLE = YES;
				IPHONEOS_DEPLOYMENT_TARGET = 13.2;
				MTL_ENABLE_DEBUG_INFO = INCLUDE_SOURCE;
				MTL_FAST_MATH = YES;
				ONLY_ACTIVE_ARCH = YES;
				SDKROOT = iphoneos;
			};
			name = Debug;
		};
		B4A3808123A9BBA80047D178 /* Release */ = {
			isa = XCBuildConfiguration;
			buildSettings = {
				ALWAYS_SEARCH_USER_PATHS = NO;
				CLANG_ANALYZER_NONNULL = YES;
				CLANG_ANALYZER_NUMBER_OBJECT_CONVERSION = YES_AGGRESSIVE;
				CLANG_CXX_LANGUAGE_STANDARD = "gnu++14";
				CLANG_CXX_LIBRARY = "libc++";
				CLANG_ENABLE_MODULES = YES;
				CLANG_ENABLE_OBJC_ARC = YES;
				CLANG_ENABLE_OBJC_WEAK = YES;
				CLANG_WARN_BLOCK_CAPTURE_AUTORELEASING = YES;
				CLANG_WARN_BOOL_CONVERSION = YES;
				CLANG_WARN_COMMA = YES;
				CLANG_WARN_CONSTANT_CONVERSION = YES;
				CLANG_WARN_DEPRECATED_OBJC_IMPLEMENTATIONS = YES;
				CLANG_WARN_DIRECT_OBJC_ISA_USAGE = YES_ERROR;
				CLANG_WARN_DOCUMENTATION_COMMENTS = YES;
				CLANG_WARN_EMPTY_BODY = YES;
				CLANG_WARN_ENUM_CONVERSION = YES;
				CLANG_WARN_INFINITE_RECURSION = YES;
				CLANG_WARN_INT_CONVERSION = YES;
				CLANG_WARN_NON_LITERAL_NULL_CONVERSION = YES;
				CLANG_WARN_OBJC_IMPLICIT_RETAIN_SELF = YES;
				CLANG_WARN_OBJC_LITERAL_CONVERSION = YES;
				CLANG_WARN_OBJC_ROOT_CLASS = YES_ERROR;
				CLANG_WARN_RANGE_LOOP_ANALYSIS = YES;
				CLANG_WARN_STRICT_PROTOTYPES = YES;
				CLANG_WARN_SUSPICIOUS_MOVE = YES;
				CLANG_WARN_UNGUARDED_AVAILABILITY = YES_AGGRESSIVE;
				CLANG_WARN_UNREACHABLE_CODE = YES;
				CLANG_WARN__DUPLICATE_METHOD_MATCH = YES;
				COPY_PHASE_STRIP = NO;
				DEBUG_INFORMATION_FORMAT = "dwarf-with-dsym";
				ENABLE_NS_ASSERTIONS = NO;
				ENABLE_STRICT_OBJC_MSGSEND = YES;
				GCC_C_LANGUAGE_STANDARD = gnu11;
				GCC_NO_COMMON_BLOCKS = YES;
				GCC_WARN_64_TO_32_BIT_CONVERSION = YES;
				GCC_WARN_ABOUT_RETURN_TYPE = YES_ERROR;
				GCC_WARN_UNDECLARED_SELECTOR = YES;
				GCC_WARN_UNINITIALIZED_AUTOS = YES_AGGRESSIVE;
				GCC_WARN_UNUSED_FUNCTION = YES;
				GCC_WARN_UNUSED_VARIABLE = YES;
				IPHONEOS_DEPLOYMENT_TARGET = 13.2;
				MTL_ENABLE_DEBUG_INFO = NO;
				MTL_FAST_MATH = YES;
				SDKROOT = iphoneos;
				VALIDATE_PRODUCT = YES;
			};
			name = Release;
		};
		B4A3808323A9BBA80047D178 /* Debug */ = {
			isa = XCBuildConfiguration;
			buildSettings = {
				ASSETCATALOG_COMPILER_APPICON_NAME = AppIcon;
				CODE_SIGN_STYLE = Automatic;
				INFOPLIST_FILE = MZVersionControl/Info.plist;
				IPHONEOS_DEPLOYMENT_TARGET = 13.2;
				LD_RUNPATH_SEARCH_PATHS = (
					"$(inherited)",
					"@executable_path/Frameworks",
				);
				MARKETING_VERSION = 1.0.0;
				PRODUCT_BUNDLE_IDENTIFIER = com.git.mz.MZVersionControl;
				PRODUCT_NAME = "$(TARGET_NAME)";
				TARGETED_DEVICE_FAMILY = "1,2";
			};
			name = Debug;
		};
		B4A3808423A9BBA80047D178 /* Release */ = {
			isa = XCBuildConfiguration;
			buildSettings = {
				ASSETCATALOG_COMPILER_APPICON_NAME = AppIcon;
				CODE_SIGN_STYLE = Automatic;
				INFOPLIST_FILE = MZVersionControl/Info.plist;
				IPHONEOS_DEPLOYMENT_TARGET = 13.2;
				LD_RUNPATH_SEARCH_PATHS = (
					"$(inherited)",
					"@executable_path/Frameworks",
				);
				MARKETING_VERSION = 1.0.0;
				PRODUCT_BUNDLE_IDENTIFIER = com.git.mz.MZVersionControl;
				PRODUCT_NAME = "$(TARGET_NAME)";
				TARGETED_DEVICE_FAMILY = "1,2";
			};
			name = Release;
		};
		B4A3808623A9BBA80047D178 /* Debug */ = {
			isa = XCBuildConfiguration;
			buildSettings = {
				BUNDLE_LOADER = "$(TEST_HOST)";
				CODE_SIGN_STYLE = Automatic;
				INFOPLIST_FILE = MZVersionControlTests/Info.plist;
				IPHONEOS_DEPLOYMENT_TARGET = 13.2;
				LD_RUNPATH_SEARCH_PATHS = (
					"$(inherited)",
					"@executable_path/Frameworks",
					"@loader_path/Frameworks",
				);
				PRODUCT_BUNDLE_IDENTIFIER = com.git.mz.MZVersionControlTests;
				PRODUCT_NAME = "$(TARGET_NAME)";
				TARGETED_DEVICE_FAMILY = "1,2";
				TEST_HOST = "$(BUILT_PRODUCTS_DIR)/MZVersionControl.app/MZVersionControl";
			};
			name = Debug;
		};
		B4A3808723A9BBA80047D178 /* Release */ = {
			isa = XCBuildConfiguration;
			buildSettings = {
				BUNDLE_LOADER = "$(TEST_HOST)";
				CODE_SIGN_STYLE = Automatic;
				INFOPLIST_FILE = MZVersionControlTests/Info.plist;
				IPHONEOS_DEPLOYMENT_TARGET = 13.2;
				LD_RUNPATH_SEARCH_PATHS = (
					"$(inherited)",
					"@executable_path/Frameworks",
					"@loader_path/Frameworks",
				);
				PRODUCT_BUNDLE_IDENTIFIER = com.git.mz.MZVersionControlTests;
				PRODUCT_NAME = "$(TARGET_NAME)";
				TARGETED_DEVICE_FAMILY = "1,2";
				TEST_HOST = "$(BUILT_PRODUCTS_DIR)/MZVersionControl.app/MZVersionControl";
			};
			name = Release;
		};
		B4A3808923A9BBA80047D178 /* Debug */ = {
			isa = XCBuildConfiguration;
			buildSettings = {
				CODE_SIGN_STYLE = Automatic;
				INFOPLIST_FILE = MZVersionControlUITests/Info.plist;
				LD_RUNPATH_SEARCH_PATHS = (
					"$(inherited)",
					"@executable_path/Frameworks",
					"@loader_path/Frameworks",
				);
				PRODUCT_BUNDLE_IDENTIFIER = com.git.mz.MZVersionControlUITests;
				PRODUCT_NAME = "$(TARGET_NAME)";
				TARGETED_DEVICE_FAMILY = "1,2";
				TEST_TARGET_NAME = MZVersionControl;
			};
			name = Debug;
		};
		B4A3808A23A9BBA80047D178 /* Release */ = {
			isa = XCBuildConfiguration;
			buildSettings = {
				CODE_SIGN_STYLE = Automatic;
				INFOPLIST_FILE = MZVersionControlUITests/Info.plist;
				LD_RUNPATH_SEARCH_PATHS = (
					"$(inherited)",
					"@executable_path/Frameworks",
					"@loader_path/Frameworks",
				);
				PRODUCT_BUNDLE_IDENTIFIER = com.git.mz.MZVersionControlUITests;
				PRODUCT_NAME = "$(TARGET_NAME)";
				TARGETED_DEVICE_FAMILY = "1,2";
				TEST_TARGET_NAME = MZVersionControl;
			};
			name = Release;
		};
/* End XCBuildConfiguration section */

/* Begin XCConfigurationList section */
		B4A3804E23A9BBA20047D178 /* Build configuration list for PBXProject "MZVersionControl" */ = {
			isa = XCConfigurationList;
			buildConfigurations = (
				B4A3808023A9BBA80047D178 /* Debug */,
				B4A3808123A9BBA80047D178 /* Release */,
			);
			defaultConfigurationIsVisible = 0;
			defaultConfigurationName = Release;
		};
		B4A3808223A9BBA80047D178 /* Build configuration list for PBXNativeTarget "MZVersionControl" */ = {
			isa = XCConfigurationList;
			buildConfigurations = (
				B4A3808323A9BBA80047D178 /* Debug */,
				B4A3808423A9BBA80047D178 /* Release */,
			);
			defaultConfigurationIsVisible = 0;
			defaultConfigurationName = Release;
		};
		B4A3808523A9BBA80047D178 /* Build configuration list for PBXNativeTarget "MZVersionControlTests" */ = {
			isa = XCConfigurationList;
			buildConfigurations = (
				B4A3808623A9BBA80047D178 /* Debug */,
				B4A3808723A9BBA80047D178 /* Release */,
			);
			defaultConfigurationIsVisible = 0;
			defaultConfigurationName = Release;
		};
		B4A3808823A9BBA80047D178 /* Build configuration list for PBXNativeTarget "MZVersionControlUITests" */ = {
			isa = XCConfigurationList;
			buildConfigurations = (
				B4A3808923A9BBA80047D178 /* Debug */,
				B4A3808A23A9BBA80047D178 /* Release */,
			);
			defaultConfigurationIsVisible = 0;
			defaultConfigurationName = Release;
		};
/* End XCConfigurationList section */
	};
	rootObject = B4A3804B23A9BBA20047D178 /* Project object */;
}
